
Microsoft Visual Studio Solution File, Format Version 12.00
# Visual Studio Version 17
VisualStudioVersion = 17.2.32630.192
MinimumVisualStudioVersion = 10.0.40219.1
Project("{9A19103F-16F7-4668-BE54-9A1E7A4F7556}") = "R5T.L0059.Construction", "R5T.L0059.Construction\R5T.L0059.Construction.csproj", "{6A0B0E99-8D09-4318-B30E-7AAD3E78D0F0}"
EndProject
Project("{9A19103F-16F7-4668-BE54-9A1E7A4F7556}") = "R5T.L0059", "R5T.L0059\R5T.L0059.csproj", "{51D9F1C2-177F-47AB-9BEF-BF19A8371876}"
EndProject
Global
	GlobalSection(SolutionConfigurationPlatforms) = preSolution
		Debug|Any CPU = Debug|Any CPU
		Release|Any CPU = Release|Any CPU
	EndGlobalSection
	GlobalSection(ProjectConfigurationPlatforms) = postSolution
		{6A0B0E99-8D09-4318-B30E-7AAD3E78D0F0}.Debug|Any CPU.ActiveCfg = Debug|Any CPU
		{6A0B0E99-8D09-4318-B30E-7AAD3E78D0F0}.Debug|Any CPU.Build.0 = Debug|Any CPU
		{6A0B0E99-8D09-4318-B30E-7AAD3E78D0F0}.Release|Any CPU.ActiveCfg = Release|Any CPU
		{6A0B0E99-8D09-4318-B30E-7AAD3E78D0F0}.Release|Any CPU.Build.0 = Release|Any CPU
		{51D9F1C2-177F-47AB-9BEF-BF19A8371876}.Debug|Any CPU.ActiveCfg = Debug|Any CPU
		{51D9F1C2-177F-47AB-9BEF-BF19A8371876}.Debug|Any CPU.Build.0 = Debug|Any CPU
		{51D9F1C2-177F-47AB-9BEF-BF19A8371876}.Release|Any CPU.ActiveCfg = Release|Any CPU
		{51D9F1C2-177F-47AB-9BEF-BF19A8371876}.Release|Any CPU.Build.0 = Release|Any CPU
	EndGlobalSection
	GlobalSection(SolutionProperties) = preSolution
		HideSolutionNode = FALSE
	EndGlobalSection
	GlobalSection(ExtensibilityGlobals) = postSolution
		SolutionGuid = {09E01BC3-82FB-4CC3-A5D0-835C5FF8F8F3}
	EndGlobalSection
EndGlobal
