
Microsoft Visual Studio Solution File, Format Version 12.00
# Visual Studio Version 17
VisualStudioVersion = 17.2.32630.192
MinimumVisualStudioVersion = 10.0.40219.1
Project("{9A19103F-16F7-4668-BE54-9A1E7A4F7556}") = "R5T.L0059", "R5T.L0059\R5T.L0059.csproj", "{57630EB7-BB37-4478-9D06-16FC6B17704B}"
EndProject
Project("{2150E333-8FDC-42A3-9474-1A3956D46DE8}") = "_Dependencies", "_Dependencies", "{3ADB2B91-CDAE-422E-8E6F-A91A97F566F4}"
EndProject
Project("{9A19103F-16F7-4668-BE54-9A1E7A4F7556}") = "R5T.L0060", "..\..\R5T.L0060\source\R5T.L0060\R5T.L0060.csproj", "{093A47A3-17B0-40A8-8BFF-B1046D13F261}"
EndProject
Project("{9A19103F-16F7-4668-BE54-9A1E7A4F7556}") = "R5T.F0000", "..\..\R5T.F0000\source\R5T.F0000\R5T.F0000.csproj", "{79A8D2EC-B53F-4CDA-AA91-0E5FDB56FC25}"
EndProject
Project("{9A19103F-16F7-4668-BE54-9A1E7A4F7556}") = "R5T.F0002", "..\..\R5T.F0002\source\R5T.F0002\R5T.F0002.csproj", "{5E3ECDCB-C56C-46D1-85DF-1590E01A1604}"
EndProject
Project("{9A19103F-16F7-4668-BE54-9A1E7A4F7556}") = "R5T.F0033.Platform", "..\..\R5T.F0033\source\R5T.F0033.Platform\R5T.F0033.Platform.csproj", "{67B0C4E6-6C83-4A11-869E-65470586E83C}"
EndProject
Project("{9A19103F-16F7-4668-BE54-9A1E7A4F7556}") = "R5T.F0033", "..\..\R5T.F0033\source\R5T.F0033\R5T.F0033.csproj", "{8AAB00DE-00D9-4D9D-8364-191171B12ECE}"
EndProject
Project("{9A19103F-16F7-4668-BE54-9A1E7A4F7556}") = "R5T.F0034", "..\..\R5T.F0034\source\R5T.F0034\R5T.F0034.csproj", "{A6CCC254-3704-4802-8266-EBDC77635F4F}"
EndProject
Project("{9A19103F-16F7-4668-BE54-9A1E7A4F7556}") = "R5T.F0035.F001", "..\..\R5T.F0035\source\R5T.F0035.F001\R5T.F0035.F001.csproj", "{36B0789A-D240-495A-9E0D-E143D840AA3D}"
EndProject
Project("{9A19103F-16F7-4668-BE54-9A1E7A4F7556}") = "R5T.F0059", "..\..\R5T.F0059\source\R5T.F0059\R5T.F0059.csproj", "{A205B547-64CB-4AFA-AA09-D01F14D0AE45}"
EndProject
Project("{9A19103F-16F7-4668-BE54-9A1E7A4F7556}") = "R5T.L0053", "..\..\R5T.L0053\source\R5T.L0053\R5T.L0053.csproj", "{7580B789-A7F2-42EE-A431-51F2F70DA5D3}"
EndProject
Project("{9A19103F-16F7-4668-BE54-9A1E7A4F7556}") = "R5T.L0055", "..\..\R5T.L0055\source\R5T.L0055\R5T.L0055.csproj", "{C9FBEA8E-4368-4C6D-87C9-771719A6F7D8}"
EndProject
Project("{9A19103F-16F7-4668-BE54-9A1E7A4F7556}") = "R5T.L0056", "..\..\R5T.L0056\source\R5T.L0056\R5T.L0056.csproj", "{681A13AD-5133-4035-921A-7B4DAA36B208}"
EndProject
Project("{9A19103F-16F7-4668-BE54-9A1E7A4F7556}") = "R5T.L0057", "..\..\R5T.L0057\source\R5T.L0057\R5T.L0057.csproj", "{DBCAB9D3-276C-4A96-BB34-A8F978A1BE20}"
EndProject
Project("{9A19103F-16F7-4668-BE54-9A1E7A4F7556}") = "R5T.NG0002", "..\..\R5T.NG0002\source\R5T.NG0002\R5T.NG0002.csproj", "{A5CE5E5E-B154-4D27-A468-F491B83CD3C2}"
EndProject
Project("{9A19103F-16F7-4668-BE54-9A1E7A4F7556}") = "R5T.NG0006", "..\..\R5T.NG0006\source\R5T.NG0006\R5T.NG0006.csproj", "{4606A331-0E48-48FC-9B48-D3333B33D9FF}"
EndProject
Project("{9A19103F-16F7-4668-BE54-9A1E7A4F7556}") = "R5T.NG0007", "..\..\R5T.NG0007\source\R5T.NG0007\R5T.NG0007.csproj", "{8FD9F016-CA4D-422B-A1F7-EB74CE305B78}"
EndProject
Project("{9A19103F-16F7-4668-BE54-9A1E7A4F7556}") = "R5T.T0131", "..\..\R5T.T0131\source\R5T.T0131\R5T.T0131.csproj", "{9C4D3379-A453-478D-B861-1249781CF341}"
EndProject
Project("{9A19103F-16F7-4668-BE54-9A1E7A4F7556}") = "R5T.T0132", "..\..\R5T.T0132\source\R5T.T0132\R5T.T0132.csproj", "{C97DC2B2-65E4-46A6-9275-B23BE57D66E8}"
EndProject
Project("{9A19103F-16F7-4668-BE54-9A1E7A4F7556}") = "R5T.T0141", "..\..\R5T.T0141\source\R5T.T0141\R5T.T0141.csproj", "{9A401A9C-7D5A-4315-8DDD-215C0920EF4B}"
EndProject
Project("{9A19103F-16F7-4668-BE54-9A1E7A4F7556}") = "R5T.T0142", "..\..\R5T.T0142\source\R5T.T0142\R5T.T0142.csproj", "{241B6AB2-EADA-4AC5-84A4-6D6624A4676C}"
EndProject
Project("{9A19103F-16F7-4668-BE54-9A1E7A4F7556}") = "R5T.T0143", "..\..\R5T.T0143\source\R5T.T0143\R5T.T0143.csproj", "{523289E6-7F3C-4D26-93A5-3988D83D4FE2}"
EndProject
Project("{9A19103F-16F7-4668-BE54-9A1E7A4F7556}") = "R5T.T0148", "..\..\R5T.T0148\source\R5T.T0148\R5T.T0148.csproj", "{363BF735-A91F-4062-8A64-0A8AA9DD7A79}"
EndProject
Project("{9A19103F-16F7-4668-BE54-9A1E7A4F7556}") = "R5T.T0156", "..\..\R5T.T0156\source\R5T.T0156\R5T.T0156.csproj", "{1733CA46-BB40-4498-B858-C465FDC77482}"
EndProject
Project("{9A19103F-16F7-4668-BE54-9A1E7A4F7556}") = "R5T.T0158.F000", "..\..\R5T.T0158\source\R5T.T0158.F000\R5T.T0158.F000.csproj", "{7748B07B-E5A1-4392-808B-C6FA0844DED9}"
EndProject
Project("{9A19103F-16F7-4668-BE54-9A1E7A4F7556}") = "R5T.T0158.T000", "..\..\R5T.T0158\source\R5T.T0158.T000\R5T.T0158.T000.csproj", "{7698542D-9759-4CE0-81EF-036A9039D3E2}"
EndProject
Project("{9A19103F-16F7-4668-BE54-9A1E7A4F7556}") = "R5T.T0158", "..\..\R5T.T0158\source\R5T.T0158\R5T.T0158.csproj", "{00725F37-4BD1-4B1B-A9AC-A985B7DB5D04}"
EndProject
Project("{9A19103F-16F7-4668-BE54-9A1E7A4F7556}") = "R5T.T0159.F000", "..\..\R5T.T0159\source\R5T.T0159.F000\R5T.T0159.F000.csproj", "{2CD31F04-24FC-4D52-8AE8-2B0F7EE0146F}"
EndProject
Project("{9A19103F-16F7-4668-BE54-9A1E7A4F7556}") = "R5T.T0159", "..\..\R5T.T0159\source\R5T.T0159\R5T.T0159.csproj", "{E6D4F084-1E9E-4BBF-AEFD-9C1F8EA83296}"
EndProject
Project("{9A19103F-16F7-4668-BE54-9A1E7A4F7556}") = "R5T.T0178", "..\..\R5T.T0178\source\R5T.T0178\R5T.T0178.csproj", "{86167A7A-E048-409A-A869-34959E6794A2}"
EndProject
Project("{9A19103F-16F7-4668-BE54-9A1E7A4F7556}") = "R5T.T0179", "..\..\R5T.T0179\source\R5T.T0179\R5T.T0179.csproj", "{22030701-2251-4C71-BBCE-B5638CA4F800}"
EndProject
Project("{9A19103F-16F7-4668-BE54-9A1E7A4F7556}") = "R5T.T0180", "..\..\R5T.T0180\source\R5T.T0180\R5T.T0180.csproj", "{7229D627-EE11-48BA-91ED-4D2DC6635AB6}"
EndProject
Project("{9A19103F-16F7-4668-BE54-9A1E7A4F7556}") = "R5T.T0181", "..\..\R5T.T0181\source\R5T.T0181\R5T.T0181.csproj", "{2A10F599-B7BB-4095-902E-364D6F46FFF8}"
EndProject
Project("{9A19103F-16F7-4668-BE54-9A1E7A4F7556}") = "R5T.T0199", "..\..\R5T.T0199\source\R5T.T0199\R5T.T0199.csproj", "{7F8F9648-A93A-43D0-A8C4-2EA4EAFAF3B2}"
EndProject
Project("{9A19103F-16F7-4668-BE54-9A1E7A4F7556}") = "R5T.Y0000", "..\..\R5T.Y0000\source\R5T.Y0000\R5T.Y0000.csproj", "{2068ADE1-75C0-4E6A-8025-F256D0CFE9B5}"
EndProject
Project("{9A19103F-16F7-4668-BE54-9A1E7A4F7556}") = "R5T.Z0000", "..\..\R5T.Z0000\source\R5T.Z0000\R5T.Z0000.csproj", "{06515D4F-4ACE-4E90-9CEA-D8427B7EC00E}"
EndProject
Project("{9A19103F-16F7-4668-BE54-9A1E7A4F7556}") = "R5T.Z0010.Platform", "..\..\R5T.Z0010\source\R5T.Z0010.Platform\R5T.Z0010.Platform.csproj", "{97DC6CAF-BDBA-4F49-BA4E-789FBE6C0A5F}"
EndProject
Project("{9A19103F-16F7-4668-BE54-9A1E7A4F7556}") = "R5T.Z0010", "..\..\R5T.Z0010\source\R5T.Z0010\R5T.Z0010.csproj", "{E886AFCB-EF29-41D6-BFC6-A14A764B2597}"
EndProject
Project("{9A19103F-16F7-4668-BE54-9A1E7A4F7556}") = "R5T.Z0063.Platform", "..\..\R5T.Z0063\source\R5T.Z0063.Platform\R5T.Z0063.Platform.csproj", "{A93C054A-C305-4EA5-BE5E-99B7C4E3478B}"
EndProject
Project("{9A19103F-16F7-4668-BE54-9A1E7A4F7556}") = "R5T.Z0063", "..\..\R5T.Z0063\source\R5T.Z0063\R5T.Z0063.csproj", "{5138C61E-C94E-4F77-980C-C87F0B9FE0A4}"
EndProject
Global
	GlobalSection(NestedProjects) = preSolution
		{093A47A3-17B0-40A8-8BFF-B1046D13F261} = {3ADB2B91-CDAE-422E-8E6F-A91A97F566F4}
		{79A8D2EC-B53F-4CDA-AA91-0E5FDB56FC25} = {3ADB2B91-CDAE-422E-8E6F-A91A97F566F4}
		{5E3ECDCB-C56C-46D1-85DF-1590E01A1604} = {3ADB2B91-CDAE-422E-8E6F-A91A97F566F4}
		{67B0C4E6-6C83-4A11-869E-65470586E83C} = {3ADB2B91-CDAE-422E-8E6F-A91A97F566F4}
		{8AAB00DE-00D9-4D9D-8364-191171B12ECE} = {3ADB2B91-CDAE-422E-8E6F-A91A97F566F4}
		{A6CCC254-3704-4802-8266-EBDC77635F4F} = {3ADB2B91-CDAE-422E-8E6F-A91A97F566F4}
		{36B0789A-D240-495A-9E0D-E143D840AA3D} = {3ADB2B91-CDAE-422E-8E6F-A91A97F566F4}
		{A205B547-64CB-4AFA-AA09-D01F14D0AE45} = {3ADB2B91-CDAE-422E-8E6F-A91A97F566F4}
		{7580B789-A7F2-42EE-A431-51F2F70DA5D3} = {3ADB2B91-CDAE-422E-8E6F-A91A97F566F4}
		{C9FBEA8E-4368-4C6D-87C9-771719A6F7D8} = {3ADB2B91-CDAE-422E-8E6F-A91A97F566F4}
		{681A13AD-5133-4035-921A-7B4DAA36B208} = {3ADB2B91-CDAE-422E-8E6F-A91A97F566F4}
		{DBCAB9D3-276C-4A96-BB34-A8F978A1BE20} = {3ADB2B91-CDAE-422E-8E6F-A91A97F566F4}
		{A5CE5E5E-B154-4D27-A468-F491B83CD3C2} = {3ADB2B91-CDAE-422E-8E6F-A91A97F566F4}
		{4606A331-0E48-48FC-9B48-D3333B33D9FF} = {3ADB2B91-CDAE-422E-8E6F-A91A97F566F4}
		{8FD9F016-CA4D-422B-A1F7-EB74CE305B78} = {3ADB2B91-CDAE-422E-8E6F-A91A97F566F4}
		{9C4D3379-A453-478D-B861-1249781CF341} = {3ADB2B91-CDAE-422E-8E6F-A91A97F566F4}
		{C97DC2B2-65E4-46A6-9275-B23BE57D66E8} = {3ADB2B91-CDAE-422E-8E6F-A91A97F566F4}
		{9A401A9C-7D5A-4315-8DDD-215C0920EF4B} = {3ADB2B91-CDAE-422E-8E6F-A91A97F566F4}
		{241B6AB2-EADA-4AC5-84A4-6D6624A4676C} = {3ADB2B91-CDAE-422E-8E6F-A91A97F566F4}
		{523289E6-7F3C-4D26-93A5-3988D83D4FE2} = {3ADB2B91-CDAE-422E-8E6F-A91A97F566F4}
		{363BF735-A91F-4062-8A64-0A8AA9DD7A79} = {3ADB2B91-CDAE-422E-8E6F-A91A97F566F4}
		{1733CA46-BB40-4498-B858-C465FDC77482} = {3ADB2B91-CDAE-422E-8E6F-A91A97F566F4}
		{7748B07B-E5A1-4392-808B-C6FA0844DED9} = {3ADB2B91-CDAE-422E-8E6F-A91A97F566F4}
		{7698542D-9759-4CE0-81EF-036A9039D3E2} = {3ADB2B91-CDAE-422E-8E6F-A91A97F566F4}
		{00725F37-4BD1-4B1B-A9AC-A985B7DB5D04} = {3ADB2B91-CDAE-422E-8E6F-A91A97F566F4}
		{2CD31F04-24FC-4D52-8AE8-2B0F7EE0146F} = {3ADB2B91-CDAE-422E-8E6F-A91A97F566F4}
		{E6D4F084-1E9E-4BBF-AEFD-9C1F8EA83296} = {3ADB2B91-CDAE-422E-8E6F-A91A97F566F4}
		{86167A7A-E048-409A-A869-34959E6794A2} = {3ADB2B91-CDAE-422E-8E6F-A91A97F566F4}
		{22030701-2251-4C71-BBCE-B5638CA4F800} = {3ADB2B91-CDAE-422E-8E6F-A91A97F566F4}
		{7229D627-EE11-48BA-91ED-4D2DC6635AB6} = {3ADB2B91-CDAE-422E-8E6F-A91A97F566F4}
		{2A10F599-B7BB-4095-902E-364D6F46FFF8} = {3ADB2B91-CDAE-422E-8E6F-A91A97F566F4}
		{7F8F9648-A93A-43D0-A8C4-2EA4EAFAF3B2} = {3ADB2B91-CDAE-422E-8E6F-A91A97F566F4}
		{2068ADE1-75C0-4E6A-8025-F256D0CFE9B5} = {3ADB2B91-CDAE-422E-8E6F-A91A97F566F4}
		{06515D4F-4ACE-4E90-9CEA-D8427B7EC00E} = {3ADB2B91-CDAE-422E-8E6F-A91A97F566F4}
		{97DC6CAF-BDBA-4F49-BA4E-789FBE6C0A5F} = {3ADB2B91-CDAE-422E-8E6F-A91A97F566F4}
		{E886AFCB-EF29-41D6-BFC6-A14A764B2597} = {3ADB2B91-CDAE-422E-8E6F-A91A97F566F4}
		{A93C054A-C305-4EA5-BE5E-99B7C4E3478B} = {3ADB2B91-CDAE-422E-8E6F-A91A97F566F4}
		{5138C61E-C94E-4F77-980C-C87F0B9FE0A4} = {3ADB2B91-CDAE-422E-8E6F-A91A97F566F4}
	EndGlobalSection
	GlobalSection(SolutionConfigurationPlatforms) = preSolution
		Debug|Any CPU = Debug|Any CPU
		Release|Any CPU = Release|Any CPU
	EndGlobalSection
	GlobalSection(ProjectConfigurationPlatforms) = postSolution
		{57630EB7-BB37-4478-9D06-16FC6B17704B}.Debug|Any CPU.ActiveCfg = Debug|Any CPU
		{57630EB7-BB37-4478-9D06-16FC6B17704B}.Debug|Any CPU.Build.0 = Debug|Any CPU
		{57630EB7-BB37-4478-9D06-16FC6B17704B}.Release|Any CPU.ActiveCfg = Release|Any CPU
		{57630EB7-BB37-4478-9D06-16FC6B17704B}.Release|Any CPU.Build.0 = Release|Any CPU
		{093A47A3-17B0-40A8-8BFF-B1046D13F261}.Debug|Any CPU.ActiveCfg = Debug|Any CPU
		{093A47A3-17B0-40A8-8BFF-B1046D13F261}.Debug|Any CPU.Build.0 = Debug|Any CPU
		{093A47A3-17B0-40A8-8BFF-B1046D13F261}.Release|Any CPU.ActiveCfg = Release|Any CPU
		{093A47A3-17B0-40A8-8BFF-B1046D13F261}.Release|Any CPU.Build.0 = Release|Any CPU
		{79A8D2EC-B53F-4CDA-AA91-0E5FDB56FC25}.Debug|Any CPU.ActiveCfg = Debug|Any CPU
		{79A8D2EC-B53F-4CDA-AA91-0E5FDB56FC25}.Debug|Any CPU.Build.0 = Debug|Any CPU
		{79A8D2EC-B53F-4CDA-AA91-0E5FDB56FC25}.Release|Any CPU.ActiveCfg = Release|Any CPU
		{79A8D2EC-B53F-4CDA-AA91-0E5FDB56FC25}.Release|Any CPU.Build.0 = Release|Any CPU
		{5E3ECDCB-C56C-46D1-85DF-1590E01A1604}.Debug|Any CPU.ActiveCfg = Debug|Any CPU
		{5E3ECDCB-C56C-46D1-85DF-1590E01A1604}.Debug|Any CPU.Build.0 = Debug|Any CPU
		{5E3ECDCB-C56C-46D1-85DF-1590E01A1604}.Release|Any CPU.ActiveCfg = Release|Any CPU
		{5E3ECDCB-C56C-46D1-85DF-1590E01A1604}.Release|Any CPU.Build.0 = Release|Any CPU
		{67B0C4E6-6C83-4A11-869E-65470586E83C}.Debug|Any CPU.ActiveCfg = Debug|Any CPU
		{67B0C4E6-6C83-4A11-869E-65470586E83C}.Debug|Any CPU.Build.0 = Debug|Any CPU
		{67B0C4E6-6C83-4A11-869E-65470586E83C}.Release|Any CPU.ActiveCfg = Release|Any CPU
		{67B0C4E6-6C83-4A11-869E-65470586E83C}.Release|Any CPU.Build.0 = Release|Any CPU
		{8AAB00DE-00D9-4D9D-8364-191171B12ECE}.Debug|Any CPU.ActiveCfg = Debug|Any CPU
		{8AAB00DE-00D9-4D9D-8364-191171B12ECE}.Debug|Any CPU.Build.0 = Debug|Any CPU
		{8AAB00DE-00D9-4D9D-8364-191171B12ECE}.Release|Any CPU.ActiveCfg = Release|Any CPU
		{8AAB00DE-00D9-4D9D-8364-191171B12ECE}.Release|Any CPU.Build.0 = Release|Any CPU
		{A6CCC254-3704-4802-8266-EBDC77635F4F}.Debug|Any CPU.ActiveCfg = Debug|Any CPU
		{A6CCC254-3704-4802-8266-EBDC77635F4F}.Debug|Any CPU.Build.0 = Debug|Any CPU
		{A6CCC254-3704-4802-8266-EBDC77635F4F}.Release|Any CPU.ActiveCfg = Release|Any CPU
		{A6CCC254-3704-4802-8266-EBDC77635F4F}.Release|Any CPU.Build.0 = Release|Any CPU
		{36B0789A-D240-495A-9E0D-E143D840AA3D}.Debug|Any CPU.ActiveCfg = Debug|Any CPU
		{36B0789A-D240-495A-9E0D-E143D840AA3D}.Debug|Any CPU.Build.0 = Debug|Any CPU
		{36B0789A-D240-495A-9E0D-E143D840AA3D}.Release|Any CPU.ActiveCfg = Release|Any CPU
		{36B0789A-D240-495A-9E0D-E143D840AA3D}.Release|Any CPU.Build.0 = Release|Any CPU
		{A205B547-64CB-4AFA-AA09-D01F14D0AE45}.Debug|Any CPU.ActiveCfg = Debug|Any CPU
		{A205B547-64CB-4AFA-AA09-D01F14D0AE45}.Debug|Any CPU.Build.0 = Debug|Any CPU
		{A205B547-64CB-4AFA-AA09-D01F14D0AE45}.Release|Any CPU.ActiveCfg = Release|Any CPU
		{A205B547-64CB-4AFA-AA09-D01F14D0AE45}.Release|Any CPU.Build.0 = Release|Any CPU
		{7580B789-A7F2-42EE-A431-51F2F70DA5D3}.Debug|Any CPU.ActiveCfg = Debug|Any CPU
		{7580B789-A7F2-42EE-A431-51F2F70DA5D3}.Debug|Any CPU.Build.0 = Debug|Any CPU
		{7580B789-A7F2-42EE-A431-51F2F70DA5D3}.Release|Any CPU.ActiveCfg = Release|Any CPU
		{7580B789-A7F2-42EE-A431-51F2F70DA5D3}.Release|Any CPU.Build.0 = Release|Any CPU
		{C9FBEA8E-4368-4C6D-87C9-771719A6F7D8}.Debug|Any CPU.ActiveCfg = Debug|Any CPU
		{C9FBEA8E-4368-4C6D-87C9-771719A6F7D8}.Debug|Any CPU.Build.0 = Debug|Any CPU
		{C9FBEA8E-4368-4C6D-87C9-771719A6F7D8}.Release|Any CPU.ActiveCfg = Release|Any CPU
		{C9FBEA8E-4368-4C6D-87C9-771719A6F7D8}.Release|Any CPU.Build.0 = Release|Any CPU
		{681A13AD-5133-4035-921A-7B4DAA36B208}.Debug|Any CPU.ActiveCfg = Debug|Any CPU
		{681A13AD-5133-4035-921A-7B4DAA36B208}.Debug|Any CPU.Build.0 = Debug|Any CPU
		{681A13AD-5133-4035-921A-7B4DAA36B208}.Release|Any CPU.ActiveCfg = Release|Any CPU
		{681A13AD-5133-4035-921A-7B4DAA36B208}.Release|Any CPU.Build.0 = Release|Any CPU
		{DBCAB9D3-276C-4A96-BB34-A8F978A1BE20}.Debug|Any CPU.ActiveCfg = Debug|Any CPU
		{DBCAB9D3-276C-4A96-BB34-A8F978A1BE20}.Debug|Any CPU.Build.0 = Debug|Any CPU
		{DBCAB9D3-276C-4A96-BB34-A8F978A1BE20}.Release|Any CPU.ActiveCfg = Release|Any CPU
		{DBCAB9D3-276C-4A96-BB34-A8F978A1BE20}.Release|Any CPU.Build.0 = Release|Any CPU
		{A5CE5E5E-B154-4D27-A468-F491B83CD3C2}.Debug|Any CPU.ActiveCfg = Debug|Any CPU
		{A5CE5E5E-B154-4D27-A468-F491B83CD3C2}.Debug|Any CPU.Build.0 = Debug|Any CPU
		{A5CE5E5E-B154-4D27-A468-F491B83CD3C2}.Release|Any CPU.ActiveCfg = Release|Any CPU
		{A5CE5E5E-B154-4D27-A468-F491B83CD3C2}.Release|Any CPU.Build.0 = Release|Any CPU
		{4606A331-0E48-48FC-9B48-D3333B33D9FF}.Debug|Any CPU.ActiveCfg = Debug|Any CPU
		{4606A331-0E48-48FC-9B48-D3333B33D9FF}.Debug|Any CPU.Build.0 = Debug|Any CPU
		{4606A331-0E48-48FC-9B48-D3333B33D9FF}.Release|Any CPU.ActiveCfg = Release|Any CPU
		{4606A331-0E48-48FC-9B48-D3333B33D9FF}.Release|Any CPU.Build.0 = Release|Any CPU
		{8FD9F016-CA4D-422B-A1F7-EB74CE305B78}.Debug|Any CPU.ActiveCfg = Debug|Any CPU
		{8FD9F016-CA4D-422B-A1F7-EB74CE305B78}.Debug|Any CPU.Build.0 = Debug|Any CPU
		{8FD9F016-CA4D-422B-A1F7-EB74CE305B78}.Release|Any CPU.ActiveCfg = Release|Any CPU
		{8FD9F016-CA4D-422B-A1F7-EB74CE305B78}.Release|Any CPU.Build.0 = Release|Any CPU
		{9C4D3379-A453-478D-B861-1249781CF341}.Debug|Any CPU.ActiveCfg = Debug|Any CPU
		{9C4D3379-A453-478D-B861-1249781CF341}.Debug|Any CPU.Build.0 = Debug|Any CPU
		{9C4D3379-A453-478D-B861-1249781CF341}.Release|Any CPU.ActiveCfg = Release|Any CPU
		{9C4D3379-A453-478D-B861-1249781CF341}.Release|Any CPU.Build.0 = Release|Any CPU
		{C97DC2B2-65E4-46A6-9275-B23BE57D66E8}.Debug|Any CPU.ActiveCfg = Debug|Any CPU
		{C97DC2B2-65E4-46A6-9275-B23BE57D66E8}.Debug|Any CPU.Build.0 = Debug|Any CPU
		{C97DC2B2-65E4-46A6-9275-B23BE57D66E8}.Release|Any CPU.ActiveCfg = Release|Any CPU
		{C97DC2B2-65E4-46A6-9275-B23BE57D66E8}.Release|Any CPU.Build.0 = Release|Any CPU
		{9A401A9C-7D5A-4315-8DDD-215C0920EF4B}.Debug|Any CPU.ActiveCfg = Debug|Any CPU
		{9A401A9C-7D5A-4315-8DDD-215C0920EF4B}.Debug|Any CPU.Build.0 = Debug|Any CPU
		{9A401A9C-7D5A-4315-8DDD-215C0920EF4B}.Release|Any CPU.ActiveCfg = Release|Any CPU
		{9A401A9C-7D5A-4315-8DDD-215C0920EF4B}.Release|Any CPU.Build.0 = Release|Any CPU
		{241B6AB2-EADA-4AC5-84A4-6D6624A4676C}.Debug|Any CPU.ActiveCfg = Debug|Any CPU
		{241B6AB2-EADA-4AC5-84A4-6D6624A4676C}.Debug|Any CPU.Build.0 = Debug|Any CPU
		{241B6AB2-EADA-4AC5-84A4-6D6624A4676C}.Release|Any CPU.ActiveCfg = Release|Any CPU
		{241B6AB2-EADA-4AC5-84A4-6D6624A4676C}.Release|Any CPU.Build.0 = Release|Any CPU
		{523289E6-7F3C-4D26-93A5-3988D83D4FE2}.Debug|Any CPU.ActiveCfg = Debug|Any CPU
		{523289E6-7F3C-4D26-93A5-3988D83D4FE2}.Debug|Any CPU.Build.0 = Debug|Any CPU
		{523289E6-7F3C-4D26-93A5-3988D83D4FE2}.Release|Any CPU.ActiveCfg = Release|Any CPU
		{523289E6-7F3C-4D26-93A5-3988D83D4FE2}.Release|Any CPU.Build.0 = Release|Any CPU
		{363BF735-A91F-4062-8A64-0A8AA9DD7A79}.Debug|Any CPU.ActiveCfg = Debug|Any CPU
		{363BF735-A91F-4062-8A64-0A8AA9DD7A79}.Debug|Any CPU.Build.0 = Debug|Any CPU
		{363BF735-A91F-4062-8A64-0A8AA9DD7A79}.Release|Any CPU.ActiveCfg = Release|Any CPU
		{363BF735-A91F-4062-8A64-0A8AA9DD7A79}.Release|Any CPU.Build.0 = Release|Any CPU
		{1733CA46-BB40-4498-B858-C465FDC77482}.Debug|Any CPU.ActiveCfg = Debug|Any CPU
		{1733CA46-BB40-4498-B858-C465FDC77482}.Debug|Any CPU.Build.0 = Debug|Any CPU
		{1733CA46-BB40-4498-B858-C465FDC77482}.Release|Any CPU.ActiveCfg = Release|Any CPU
		{1733CA46-BB40-4498-B858-C465FDC77482}.Release|Any CPU.Build.0 = Release|Any CPU
		{7748B07B-E5A1-4392-808B-C6FA0844DED9}.Debug|Any CPU.ActiveCfg = Debug|Any CPU
		{7748B07B-E5A1-4392-808B-C6FA0844DED9}.Debug|Any CPU.Build.0 = Debug|Any CPU
		{7748B07B-E5A1-4392-808B-C6FA0844DED9}.Release|Any CPU.ActiveCfg = Release|Any CPU
		{7748B07B-E5A1-4392-808B-C6FA0844DED9}.Release|Any CPU.Build.0 = Release|Any CPU
		{7698542D-9759-4CE0-81EF-036A9039D3E2}.Debug|Any CPU.ActiveCfg = Debug|Any CPU
		{7698542D-9759-4CE0-81EF-036A9039D3E2}.Debug|Any CPU.Build.0 = Debug|Any CPU
		{7698542D-9759-4CE0-81EF-036A9039D3E2}.Release|Any CPU.ActiveCfg = Release|Any CPU
		{7698542D-9759-4CE0-81EF-036A9039D3E2}.Release|Any CPU.Build.0 = Release|Any CPU
		{00725F37-4BD1-4B1B-A9AC-A985B7DB5D04}.Debug|Any CPU.ActiveCfg = Debug|Any CPU
		{00725F37-4BD1-4B1B-A9AC-A985B7DB5D04}.Debug|Any CPU.Build.0 = Debug|Any CPU
		{00725F37-4BD1-4B1B-A9AC-A985B7DB5D04}.Release|Any CPU.ActiveCfg = Release|Any CPU
		{00725F37-4BD1-4B1B-A9AC-A985B7DB5D04}.Release|Any CPU.Build.0 = Release|Any CPU
		{2CD31F04-24FC-4D52-8AE8-2B0F7EE0146F}.Debug|Any CPU.ActiveCfg = Debug|Any CPU
		{2CD31F04-24FC-4D52-8AE8-2B0F7EE0146F}.Debug|Any CPU.Build.0 = Debug|Any CPU
		{2CD31F04-24FC-4D52-8AE8-2B0F7EE0146F}.Release|Any CPU.ActiveCfg = Release|Any CPU
		{2CD31F04-24FC-4D52-8AE8-2B0F7EE0146F}.Release|Any CPU.Build.0 = Release|Any CPU
		{E6D4F084-1E9E-4BBF-AEFD-9C1F8EA83296}.Debug|Any CPU.ActiveCfg = Debug|Any CPU
		{E6D4F084-1E9E-4BBF-AEFD-9C1F8EA83296}.Debug|Any CPU.Build.0 = Debug|Any CPU
		{E6D4F084-1E9E-4BBF-AEFD-9C1F8EA83296}.Release|Any CPU.ActiveCfg = Release|Any CPU
		{E6D4F084-1E9E-4BBF-AEFD-9C1F8EA83296}.Release|Any CPU.Build.0 = Release|Any CPU
		{86167A7A-E048-409A-A869-34959E6794A2}.Debug|Any CPU.ActiveCfg = Debug|Any CPU
		{86167A7A-E048-409A-A869-34959E6794A2}.Debug|Any CPU.Build.0 = Debug|Any CPU
		{86167A7A-E048-409A-A869-34959E6794A2}.Release|Any CPU.ActiveCfg = Release|Any CPU
		{86167A7A-E048-409A-A869-34959E6794A2}.Release|Any CPU.Build.0 = Release|Any CPU
		{22030701-2251-4C71-BBCE-B5638CA4F800}.Debug|Any CPU.ActiveCfg = Debug|Any CPU
		{22030701-2251-4C71-BBCE-B5638CA4F800}.Debug|Any CPU.Build.0 = Debug|Any CPU
		{22030701-2251-4C71-BBCE-B5638CA4F800}.Release|Any CPU.ActiveCfg = Release|Any CPU
		{22030701-2251-4C71-BBCE-B5638CA4F800}.Release|Any CPU.Build.0 = Release|Any CPU
		{7229D627-EE11-48BA-91ED-4D2DC6635AB6}.Debug|Any CPU.ActiveCfg = Debug|Any CPU
		{7229D627-EE11-48BA-91ED-4D2DC6635AB6}.Debug|Any CPU.Build.0 = Debug|Any CPU
		{7229D627-EE11-48BA-91ED-4D2DC6635AB6}.Release|Any CPU.ActiveCfg = Release|Any CPU
		{7229D627-EE11-48BA-91ED-4D2DC6635AB6}.Release|Any CPU.Build.0 = Release|Any CPU
		{2A10F599-B7BB-4095-902E-364D6F46FFF8}.Debug|Any CPU.ActiveCfg = Debug|Any CPU
		{2A10F599-B7BB-4095-902E-364D6F46FFF8}.Debug|Any CPU.Build.0 = Debug|Any CPU
		{2A10F599-B7BB-4095-902E-364D6F46FFF8}.Release|Any CPU.ActiveCfg = Release|Any CPU
		{2A10F599-B7BB-4095-902E-364D6F46FFF8}.Release|Any CPU.Build.0 = Release|Any CPU
		{7F8F9648-A93A-43D0-A8C4-2EA4EAFAF3B2}.Debug|Any CPU.ActiveCfg = Debug|Any CPU
		{7F8F9648-A93A-43D0-A8C4-2EA4EAFAF3B2}.Debug|Any CPU.Build.0 = Debug|Any CPU
		{7F8F9648-A93A-43D0-A8C4-2EA4EAFAF3B2}.Release|Any CPU.ActiveCfg = Release|Any CPU
		{7F8F9648-A93A-43D0-A8C4-2EA4EAFAF3B2}.Release|Any CPU.Build.0 = Release|Any CPU
		{2068ADE1-75C0-4E6A-8025-F256D0CFE9B5}.Debug|Any CPU.ActiveCfg = Debug|Any CPU
		{2068ADE1-75C0-4E6A-8025-F256D0CFE9B5}.Debug|Any CPU.Build.0 = Debug|Any CPU
		{2068ADE1-75C0-4E6A-8025-F256D0CFE9B5}.Release|Any CPU.ActiveCfg = Release|Any CPU
		{2068ADE1-75C0-4E6A-8025-F256D0CFE9B5}.Release|Any CPU.Build.0 = Release|Any CPU
		{06515D4F-4ACE-4E90-9CEA-D8427B7EC00E}.Debug|Any CPU.ActiveCfg = Debug|Any CPU
		{06515D4F-4ACE-4E90-9CEA-D8427B7EC00E}.Debug|Any CPU.Build.0 = Debug|Any CPU
		{06515D4F-4ACE-4E90-9CEA-D8427B7EC00E}.Release|Any CPU.ActiveCfg = Release|Any CPU
		{06515D4F-4ACE-4E90-9CEA-D8427B7EC00E}.Release|Any CPU.Build.0 = Release|Any CPU
		{97DC6CAF-BDBA-4F49-BA4E-789FBE6C0A5F}.Debug|Any CPU.ActiveCfg = Debug|Any CPU
		{97DC6CAF-BDBA-4F49-BA4E-789FBE6C0A5F}.Debug|Any CPU.Build.0 = Debug|Any CPU
		{97DC6CAF-BDBA-4F49-BA4E-789FBE6C0A5F}.Release|Any CPU.ActiveCfg = Release|Any CPU
		{97DC6CAF-BDBA-4F49-BA4E-789FBE6C0A5F}.Release|Any CPU.Build.0 = Release|Any CPU
		{E886AFCB-EF29-41D6-BFC6-A14A764B2597}.Debug|Any CPU.ActiveCfg = Debug|Any CPU
		{E886AFCB-EF29-41D6-BFC6-A14A764B2597}.Debug|Any CPU.Build.0 = Debug|Any CPU
		{E886AFCB-EF29-41D6-BFC6-A14A764B2597}.Release|Any CPU.ActiveCfg = Release|Any CPU
		{E886AFCB-EF29-41D6-BFC6-A14A764B2597}.Release|Any CPU.Build.0 = Release|Any CPU
		{A93C054A-C305-4EA5-BE5E-99B7C4E3478B}.Debug|Any CPU.ActiveCfg = Debug|Any CPU
		{A93C054A-C305-4EA5-BE5E-99B7C4E3478B}.Debug|Any CPU.Build.0 = Debug|Any CPU
		{A93C054A-C305-4EA5-BE5E-99B7C4E3478B}.Release|Any CPU.ActiveCfg = Release|Any CPU
		{A93C054A-C305-4EA5-BE5E-99B7C4E3478B}.Release|Any CPU.Build.0 = Release|Any CPU
		{5138C61E-C94E-4F77-980C-C87F0B9FE0A4}.Debug|Any CPU.ActiveCfg = Debug|Any CPU
		{5138C61E-C94E-4F77-980C-C87F0B9FE0A4}.Debug|Any CPU.Build.0 = Debug|Any CPU
		{5138C61E-C94E-4F77-980C-C87F0B9FE0A4}.Release|Any CPU.ActiveCfg = Release|Any CPU
		{5138C61E-C94E-4F77-980C-C87F0B9FE0A4}.Release|Any CPU.Build.0 = Release|Any CPU
	EndGlobalSection
	GlobalSection(SolutionProperties) = preSolution
		HideSolutionNode = FALSE
	EndGlobalSection
	GlobalSection(ExtensibilityGlobals) = postSolution
		SolutionGuid = {B22913BD-9A9E-4F60-930E-E01808289404}
	EndGlobalSection
EndGlobal
