
Microsoft Visual Studio Solution File, Format Version 12.00
# Visual Studio Version 17
VisualStudioVersion = 17.2.32630.192
MinimumVisualStudioVersion = 10.0.40219.1
Project("{9A19103F-16F7-4668-BE54-9A1E7A4F7556}") = "R5T.L0059.Construction", "R5T.L0059.Construction\R5T.L0059.Construction.csproj", "{6A0B0E99-8D09-4318-B30E-7AAD3E78D0F0}"
EndProject
Project("{9A19103F-16F7-4668-BE54-9A1E7A4F7556}") = "R5T.L0059", "R5T.L0059\R5T.L0059.csproj", "{51D9F1C2-177F-47AB-9BEF-BF19A8371876}"
EndProject
Project("{2150E333-8FDC-42A3-9474-1A3956D46DE8}") = "_Dependencies", "_Dependencies", "{0AF662DC-9DC5-4C07-B62B-6C4CC1D69C5E}"
EndProject
Project("{9A19103F-16F7-4668-BE54-9A1E7A4F7556}") = "R5T.L0060", "..\..\R5T.L0060\source\R5T.L0060\R5T.L0060.csproj", "{75BC992C-7843-434E-853E-FDA5A018CF53}"
EndProject
Project("{9A19103F-16F7-4668-BE54-9A1E7A4F7556}") = "R5T.F0000", "..\..\R5T.F0000\source\R5T.F0000\R5T.F0000.csproj", "{AEEE6467-D210-4284-91C1-1CE095256B89}"
EndProject
Project("{9A19103F-16F7-4668-BE54-9A1E7A4F7556}") = "R5T.F0002", "..\..\R5T.F0002\source\R5T.F0002\R5T.F0002.csproj", "{135471BE-9EE5-435B-955D-6118375F8760}"
EndProject
Project("{9A19103F-16F7-4668-BE54-9A1E7A4F7556}") = "R5T.F0033.Platform", "..\..\R5T.F0033\source\R5T.F0033.Platform\R5T.F0033.Platform.csproj", "{D7948C7A-23F6-442B-8993-6C394332EA29}"
EndProject
Project("{9A19103F-16F7-4668-BE54-9A1E7A4F7556}") = "R5T.F0033", "..\..\R5T.F0033\source\R5T.F0033\R5T.F0033.csproj", "{DFF33A54-225A-4D52-A1B8-EF121060BEFD}"
EndProject
Project("{9A19103F-16F7-4668-BE54-9A1E7A4F7556}") = "R5T.F0034", "..\..\R5T.F0034\source\R5T.F0034\R5T.F0034.csproj", "{BE7E88D4-D3CF-47D5-8FDC-3768F6ACEAD8}"
EndProject
Project("{9A19103F-16F7-4668-BE54-9A1E7A4F7556}") = "R5T.F0035.F001", "..\..\R5T.F0035\source\R5T.F0035.F001\R5T.F0035.F001.csproj", "{865462BA-FFA8-4CAB-AA72-D369A992727D}"
EndProject
Project("{9A19103F-16F7-4668-BE54-9A1E7A4F7556}") = "R5T.F0059", "..\..\R5T.F0059\source\R5T.F0059\R5T.F0059.csproj", "{38EE763D-FEF8-48BA-938A-F0C7D78A796E}"
EndProject
Project("{9A19103F-16F7-4668-BE54-9A1E7A4F7556}") = "R5T.L0053", "..\..\R5T.L0053\source\R5T.L0053\R5T.L0053.csproj", "{452BFFE0-7B24-460E-9AEB-CC2C1046D525}"
EndProject
Project("{9A19103F-16F7-4668-BE54-9A1E7A4F7556}") = "R5T.L0055", "..\..\R5T.L0055\source\R5T.L0055\R5T.L0055.csproj", "{09F3583A-1EF5-4D76-B8CD-CFCBF1C0D7A4}"
EndProject
Project("{9A19103F-16F7-4668-BE54-9A1E7A4F7556}") = "R5T.L0056", "..\..\R5T.L0056\source\R5T.L0056\R5T.L0056.csproj", "{7E2ECA2F-7D82-4053-BE60-BDBACA263106}"
EndProject
Project("{9A19103F-16F7-4668-BE54-9A1E7A4F7556}") = "R5T.L0057", "..\..\R5T.L0057\source\R5T.L0057\R5T.L0057.csproj", "{D3FAA448-4670-4A22-AC19-7054CDA6FBC2}"
EndProject
Project("{9A19103F-16F7-4668-BE54-9A1E7A4F7556}") = "R5T.NG0002", "..\..\R5T.NG0002\source\R5T.NG0002\R5T.NG0002.csproj", "{23CFA04D-31FC-4056-8540-A45E75B61693}"
EndProject
Project("{9A19103F-16F7-4668-BE54-9A1E7A4F7556}") = "R5T.NG0006", "..\..\R5T.NG0006\source\R5T.NG0006\R5T.NG0006.csproj", "{10C3B435-3E59-42E4-A16C-DAC8BD2E5E27}"
EndProject
Project("{9A19103F-16F7-4668-BE54-9A1E7A4F7556}") = "R5T.NG0007", "..\..\R5T.NG0007\source\R5T.NG0007\R5T.NG0007.csproj", "{72F684A1-EBE9-4874-8149-D609CAFBCF2A}"
EndProject
Project("{9A19103F-16F7-4668-BE54-9A1E7A4F7556}") = "R5T.T0131", "..\..\R5T.T0131\source\R5T.T0131\R5T.T0131.csproj", "{09E4C63A-0508-4B4C-B517-6957BAA30FBB}"
EndProject
Project("{9A19103F-16F7-4668-BE54-9A1E7A4F7556}") = "R5T.T0132", "..\..\R5T.T0132\source\R5T.T0132\R5T.T0132.csproj", "{50057ECE-26F4-4C18-A319-7E4ADD183016}"
EndProject
Project("{9A19103F-16F7-4668-BE54-9A1E7A4F7556}") = "R5T.T0141", "..\..\R5T.T0141\source\R5T.T0141\R5T.T0141.csproj", "{FE4B9649-D225-4CE2-99F6-921775D38F4C}"
EndProject
Project("{9A19103F-16F7-4668-BE54-9A1E7A4F7556}") = "R5T.T0142", "..\..\R5T.T0142\source\R5T.T0142\R5T.T0142.csproj", "{E803CFCA-FEF2-4521-B682-1DEB4E4E29D7}"
EndProject
Project("{9A19103F-16F7-4668-BE54-9A1E7A4F7556}") = "R5T.T0143", "..\..\R5T.T0143\source\R5T.T0143\R5T.T0143.csproj", "{CAC62632-08D6-47B5-84B8-B2419B543BE5}"
EndProject
Project("{9A19103F-16F7-4668-BE54-9A1E7A4F7556}") = "R5T.T0148", "..\..\R5T.T0148\source\R5T.T0148\R5T.T0148.csproj", "{50FBE009-8C04-4D7E-91B1-603118EDCD5B}"
EndProject
Project("{9A19103F-16F7-4668-BE54-9A1E7A4F7556}") = "R5T.T0156", "..\..\R5T.T0156\source\R5T.T0156\R5T.T0156.csproj", "{57AF20CE-F9A0-4D20-8934-41257F6DC68D}"
EndProject
Project("{9A19103F-16F7-4668-BE54-9A1E7A4F7556}") = "R5T.T0158.F000", "..\..\R5T.T0158\source\R5T.T0158.F000\R5T.T0158.F000.csproj", "{3D5CBE70-9573-4050-A5C5-CB2B253C36D6}"
EndProject
Project("{9A19103F-16F7-4668-BE54-9A1E7A4F7556}") = "R5T.T0158.T000", "..\..\R5T.T0158\source\R5T.T0158.T000\R5T.T0158.T000.csproj", "{D0D902B6-8F31-4BCB-8D04-A7FFC5086092}"
EndProject
Project("{9A19103F-16F7-4668-BE54-9A1E7A4F7556}") = "R5T.T0158", "..\..\R5T.T0158\source\R5T.T0158\R5T.T0158.csproj", "{AFF5EAD6-9929-4AA7-92EF-BB02308BE026}"
EndProject
Project("{9A19103F-16F7-4668-BE54-9A1E7A4F7556}") = "R5T.T0159.F000", "..\..\R5T.T0159\source\R5T.T0159.F000\R5T.T0159.F000.csproj", "{7C87F62D-1D99-4322-80C1-160DB4AB639B}"
EndProject
Project("{9A19103F-16F7-4668-BE54-9A1E7A4F7556}") = "R5T.T0159", "..\..\R5T.T0159\source\R5T.T0159\R5T.T0159.csproj", "{78F2E328-869A-4009-8EA9-3E1BCC5954F5}"
EndProject
Project("{9A19103F-16F7-4668-BE54-9A1E7A4F7556}") = "R5T.T0178", "..\..\R5T.T0178\source\R5T.T0178\R5T.T0178.csproj", "{A78D6A34-F4DF-4665-8887-9D1CDCD86419}"
EndProject
Project("{9A19103F-16F7-4668-BE54-9A1E7A4F7556}") = "R5T.T0179", "..\..\R5T.T0179\source\R5T.T0179\R5T.T0179.csproj", "{57EE7257-8B29-4566-8761-C90EDE8BFCD7}"
EndProject
Project("{9A19103F-16F7-4668-BE54-9A1E7A4F7556}") = "R5T.T0180", "..\..\R5T.T0180\source\R5T.T0180\R5T.T0180.csproj", "{3E19B136-B135-4C0F-8C09-7EFD06C7688C}"
EndProject
Project("{9A19103F-16F7-4668-BE54-9A1E7A4F7556}") = "R5T.T0181", "..\..\R5T.T0181\source\R5T.T0181\R5T.T0181.csproj", "{207552C7-EC3E-4D01-9B6F-251ECDA2A76F}"
EndProject
Project("{9A19103F-16F7-4668-BE54-9A1E7A4F7556}") = "R5T.T0199", "..\..\R5T.T0199\source\R5T.T0199\R5T.T0199.csproj", "{86861C0A-883C-4F5A-B598-2AA4C03711BF}"
EndProject
Project("{9A19103F-16F7-4668-BE54-9A1E7A4F7556}") = "R5T.Y0000", "..\..\R5T.Y0000\source\R5T.Y0000\R5T.Y0000.csproj", "{A1C7A384-1ABD-4FE0-9B55-ADAE61407EC5}"
EndProject
Project("{9A19103F-16F7-4668-BE54-9A1E7A4F7556}") = "R5T.Z0000", "..\..\R5T.Z0000\source\R5T.Z0000\R5T.Z0000.csproj", "{84406C0E-D586-41C8-8219-F97BFAC66494}"
EndProject
Project("{9A19103F-16F7-4668-BE54-9A1E7A4F7556}") = "R5T.Z0010.Platform", "..\..\R5T.Z0010\source\R5T.Z0010.Platform\R5T.Z0010.Platform.csproj", "{4C57FC61-DC9D-4586-9EC1-EE2FFC4313F7}"
EndProject
Project("{9A19103F-16F7-4668-BE54-9A1E7A4F7556}") = "R5T.Z0010", "..\..\R5T.Z0010\source\R5T.Z0010\R5T.Z0010.csproj", "{41A78229-C99D-4354-AECD-738B378B2A06}"
EndProject
Project("{9A19103F-16F7-4668-BE54-9A1E7A4F7556}") = "R5T.Z0063.Platform", "..\..\R5T.Z0063\source\R5T.Z0063.Platform\R5T.Z0063.Platform.csproj", "{E19BD5DA-72F9-4A4F-A3E2-C67EE908B9EC}"
EndProject
Project("{9A19103F-16F7-4668-BE54-9A1E7A4F7556}") = "R5T.Z0063", "..\..\R5T.Z0063\source\R5T.Z0063\R5T.Z0063.csproj", "{E1F0BA81-1A43-4D0A-BA25-5A5842BD88A2}"
EndProject
Global
	GlobalSection(NestedProjects) = preSolution
		{75BC992C-7843-434E-853E-FDA5A018CF53} = {0AF662DC-9DC5-4C07-B62B-6C4CC1D69C5E}
		{AEEE6467-D210-4284-91C1-1CE095256B89} = {0AF662DC-9DC5-4C07-B62B-6C4CC1D69C5E}
		{135471BE-9EE5-435B-955D-6118375F8760} = {0AF662DC-9DC5-4C07-B62B-6C4CC1D69C5E}
		{D7948C7A-23F6-442B-8993-6C394332EA29} = {0AF662DC-9DC5-4C07-B62B-6C4CC1D69C5E}
		{DFF33A54-225A-4D52-A1B8-EF121060BEFD} = {0AF662DC-9DC5-4C07-B62B-6C4CC1D69C5E}
		{BE7E88D4-D3CF-47D5-8FDC-3768F6ACEAD8} = {0AF662DC-9DC5-4C07-B62B-6C4CC1D69C5E}
		{865462BA-FFA8-4CAB-AA72-D369A992727D} = {0AF662DC-9DC5-4C07-B62B-6C4CC1D69C5E}
		{38EE763D-FEF8-48BA-938A-F0C7D78A796E} = {0AF662DC-9DC5-4C07-B62B-6C4CC1D69C5E}
		{452BFFE0-7B24-460E-9AEB-CC2C1046D525} = {0AF662DC-9DC5-4C07-B62B-6C4CC1D69C5E}
		{09F3583A-1EF5-4D76-B8CD-CFCBF1C0D7A4} = {0AF662DC-9DC5-4C07-B62B-6C4CC1D69C5E}
		{7E2ECA2F-7D82-4053-BE60-BDBACA263106} = {0AF662DC-9DC5-4C07-B62B-6C4CC1D69C5E}
		{D3FAA448-4670-4A22-AC19-7054CDA6FBC2} = {0AF662DC-9DC5-4C07-B62B-6C4CC1D69C5E}
		{23CFA04D-31FC-4056-8540-A45E75B61693} = {0AF662DC-9DC5-4C07-B62B-6C4CC1D69C5E}
		{10C3B435-3E59-42E4-A16C-DAC8BD2E5E27} = {0AF662DC-9DC5-4C07-B62B-6C4CC1D69C5E}
		{72F684A1-EBE9-4874-8149-D609CAFBCF2A} = {0AF662DC-9DC5-4C07-B62B-6C4CC1D69C5E}
		{09E4C63A-0508-4B4C-B517-6957BAA30FBB} = {0AF662DC-9DC5-4C07-B62B-6C4CC1D69C5E}
		{50057ECE-26F4-4C18-A319-7E4ADD183016} = {0AF662DC-9DC5-4C07-B62B-6C4CC1D69C5E}
		{FE4B9649-D225-4CE2-99F6-921775D38F4C} = {0AF662DC-9DC5-4C07-B62B-6C4CC1D69C5E}
		{E803CFCA-FEF2-4521-B682-1DEB4E4E29D7} = {0AF662DC-9DC5-4C07-B62B-6C4CC1D69C5E}
		{CAC62632-08D6-47B5-84B8-B2419B543BE5} = {0AF662DC-9DC5-4C07-B62B-6C4CC1D69C5E}
		{50FBE009-8C04-4D7E-91B1-603118EDCD5B} = {0AF662DC-9DC5-4C07-B62B-6C4CC1D69C5E}
		{57AF20CE-F9A0-4D20-8934-41257F6DC68D} = {0AF662DC-9DC5-4C07-B62B-6C4CC1D69C5E}
		{3D5CBE70-9573-4050-A5C5-CB2B253C36D6} = {0AF662DC-9DC5-4C07-B62B-6C4CC1D69C5E}
		{D0D902B6-8F31-4BCB-8D04-A7FFC5086092} = {0AF662DC-9DC5-4C07-B62B-6C4CC1D69C5E}
		{AFF5EAD6-9929-4AA7-92EF-BB02308BE026} = {0AF662DC-9DC5-4C07-B62B-6C4CC1D69C5E}
		{7C87F62D-1D99-4322-80C1-160DB4AB639B} = {0AF662DC-9DC5-4C07-B62B-6C4CC1D69C5E}
		{78F2E328-869A-4009-8EA9-3E1BCC5954F5} = {0AF662DC-9DC5-4C07-B62B-6C4CC1D69C5E}
		{A78D6A34-F4DF-4665-8887-9D1CDCD86419} = {0AF662DC-9DC5-4C07-B62B-6C4CC1D69C5E}
		{57EE7257-8B29-4566-8761-C90EDE8BFCD7} = {0AF662DC-9DC5-4C07-B62B-6C4CC1D69C5E}
		{3E19B136-B135-4C0F-8C09-7EFD06C7688C} = {0AF662DC-9DC5-4C07-B62B-6C4CC1D69C5E}
		{207552C7-EC3E-4D01-9B6F-251ECDA2A76F} = {0AF662DC-9DC5-4C07-B62B-6C4CC1D69C5E}
		{86861C0A-883C-4F5A-B598-2AA4C03711BF} = {0AF662DC-9DC5-4C07-B62B-6C4CC1D69C5E}
		{A1C7A384-1ABD-4FE0-9B55-ADAE61407EC5} = {0AF662DC-9DC5-4C07-B62B-6C4CC1D69C5E}
		{84406C0E-D586-41C8-8219-F97BFAC66494} = {0AF662DC-9DC5-4C07-B62B-6C4CC1D69C5E}
		{4C57FC61-DC9D-4586-9EC1-EE2FFC4313F7} = {0AF662DC-9DC5-4C07-B62B-6C4CC1D69C5E}
		{41A78229-C99D-4354-AECD-738B378B2A06} = {0AF662DC-9DC5-4C07-B62B-6C4CC1D69C5E}
		{E19BD5DA-72F9-4A4F-A3E2-C67EE908B9EC} = {0AF662DC-9DC5-4C07-B62B-6C4CC1D69C5E}
		{E1F0BA81-1A43-4D0A-BA25-5A5842BD88A2} = {0AF662DC-9DC5-4C07-B62B-6C4CC1D69C5E}
	EndGlobalSection
	GlobalSection(SolutionConfigurationPlatforms) = preSolution
		Debug|Any CPU = Debug|Any CPU
		Release|Any CPU = Release|Any CPU
	EndGlobalSection
	GlobalSection(ProjectConfigurationPlatforms) = postSolution
		{6A0B0E99-8D09-4318-B30E-7AAD3E78D0F0}.Debug|Any CPU.ActiveCfg = Debug|Any CPU
		{6A0B0E99-8D09-4318-B30E-7AAD3E78D0F0}.Debug|Any CPU.Build.0 = Debug|Any CPU
		{6A0B0E99-8D09-4318-B30E-7AAD3E78D0F0}.Release|Any CPU.ActiveCfg = Release|Any CPU
		{6A0B0E99-8D09-4318-B30E-7AAD3E78D0F0}.Release|Any CPU.Build.0 = Release|Any CPU
		{51D9F1C2-177F-47AB-9BEF-BF19A8371876}.Debug|Any CPU.ActiveCfg = Debug|Any CPU
		{51D9F1C2-177F-47AB-9BEF-BF19A8371876}.Debug|Any CPU.Build.0 = Debug|Any CPU
		{51D9F1C2-177F-47AB-9BEF-BF19A8371876}.Release|Any CPU.ActiveCfg = Release|Any CPU
		{51D9F1C2-177F-47AB-9BEF-BF19A8371876}.Release|Any CPU.Build.0 = Release|Any CPU
		{75BC992C-7843-434E-853E-FDA5A018CF53}.Debug|Any CPU.ActiveCfg = Debug|Any CPU
		{75BC992C-7843-434E-853E-FDA5A018CF53}.Debug|Any CPU.Build.0 = Debug|Any CPU
		{75BC992C-7843-434E-853E-FDA5A018CF53}.Release|Any CPU.ActiveCfg = Release|Any CPU
		{75BC992C-7843-434E-853E-FDA5A018CF53}.Release|Any CPU.Build.0 = Release|Any CPU
		{AEEE6467-D210-4284-91C1-1CE095256B89}.Debug|Any CPU.ActiveCfg = Debug|Any CPU
		{AEEE6467-D210-4284-91C1-1CE095256B89}.Debug|Any CPU.Build.0 = Debug|Any CPU
		{AEEE6467-D210-4284-91C1-1CE095256B89}.Release|Any CPU.ActiveCfg = Release|Any CPU
		{AEEE6467-D210-4284-91C1-1CE095256B89}.Release|Any CPU.Build.0 = Release|Any CPU
		{135471BE-9EE5-435B-955D-6118375F8760}.Debug|Any CPU.ActiveCfg = Debug|Any CPU
		{135471BE-9EE5-435B-955D-6118375F8760}.Debug|Any CPU.Build.0 = Debug|Any CPU
		{135471BE-9EE5-435B-955D-6118375F8760}.Release|Any CPU.ActiveCfg = Release|Any CPU
		{135471BE-9EE5-435B-955D-6118375F8760}.Release|Any CPU.Build.0 = Release|Any CPU
		{D7948C7A-23F6-442B-8993-6C394332EA29}.Debug|Any CPU.ActiveCfg = Debug|Any CPU
		{D7948C7A-23F6-442B-8993-6C394332EA29}.Debug|Any CPU.Build.0 = Debug|Any CPU
		{D7948C7A-23F6-442B-8993-6C394332EA29}.Release|Any CPU.ActiveCfg = Release|Any CPU
		{D7948C7A-23F6-442B-8993-6C394332EA29}.Release|Any CPU.Build.0 = Release|Any CPU
		{DFF33A54-225A-4D52-A1B8-EF121060BEFD}.Debug|Any CPU.ActiveCfg = Debug|Any CPU
		{DFF33A54-225A-4D52-A1B8-EF121060BEFD}.Debug|Any CPU.Build.0 = Debug|Any CPU
		{DFF33A54-225A-4D52-A1B8-EF121060BEFD}.Release|Any CPU.ActiveCfg = Release|Any CPU
		{DFF33A54-225A-4D52-A1B8-EF121060BEFD}.Release|Any CPU.Build.0 = Release|Any CPU
		{BE7E88D4-D3CF-47D5-8FDC-3768F6ACEAD8}.Debug|Any CPU.ActiveCfg = Debug|Any CPU
		{BE7E88D4-D3CF-47D5-8FDC-3768F6ACEAD8}.Debug|Any CPU.Build.0 = Debug|Any CPU
		{BE7E88D4-D3CF-47D5-8FDC-3768F6ACEAD8}.Release|Any CPU.ActiveCfg = Release|Any CPU
		{BE7E88D4-D3CF-47D5-8FDC-3768F6ACEAD8}.Release|Any CPU.Build.0 = Release|Any CPU
		{865462BA-FFA8-4CAB-AA72-D369A992727D}.Debug|Any CPU.ActiveCfg = Debug|Any CPU
		{865462BA-FFA8-4CAB-AA72-D369A992727D}.Debug|Any CPU.Build.0 = Debug|Any CPU
		{865462BA-FFA8-4CAB-AA72-D369A992727D}.Release|Any CPU.ActiveCfg = Release|Any CPU
		{865462BA-FFA8-4CAB-AA72-D369A992727D}.Release|Any CPU.Build.0 = Release|Any CPU
		{38EE763D-FEF8-48BA-938A-F0C7D78A796E}.Debug|Any CPU.ActiveCfg = Debug|Any CPU
		{38EE763D-FEF8-48BA-938A-F0C7D78A796E}.Debug|Any CPU.Build.0 = Debug|Any CPU
		{38EE763D-FEF8-48BA-938A-F0C7D78A796E}.Release|Any CPU.ActiveCfg = Release|Any CPU
		{38EE763D-FEF8-48BA-938A-F0C7D78A796E}.Release|Any CPU.Build.0 = Release|Any CPU
		{452BFFE0-7B24-460E-9AEB-CC2C1046D525}.Debug|Any CPU.ActiveCfg = Debug|Any CPU
		{452BFFE0-7B24-460E-9AEB-CC2C1046D525}.Debug|Any CPU.Build.0 = Debug|Any CPU
		{452BFFE0-7B24-460E-9AEB-CC2C1046D525}.Release|Any CPU.ActiveCfg = Release|Any CPU
		{452BFFE0-7B24-460E-9AEB-CC2C1046D525}.Release|Any CPU.Build.0 = Release|Any CPU
		{09F3583A-1EF5-4D76-B8CD-CFCBF1C0D7A4}.Debug|Any CPU.ActiveCfg = Debug|Any CPU
		{09F3583A-1EF5-4D76-B8CD-CFCBF1C0D7A4}.Debug|Any CPU.Build.0 = Debug|Any CPU
		{09F3583A-1EF5-4D76-B8CD-CFCBF1C0D7A4}.Release|Any CPU.ActiveCfg = Release|Any CPU
		{09F3583A-1EF5-4D76-B8CD-CFCBF1C0D7A4}.Release|Any CPU.Build.0 = Release|Any CPU
		{7E2ECA2F-7D82-4053-BE60-BDBACA263106}.Debug|Any CPU.ActiveCfg = Debug|Any CPU
		{7E2ECA2F-7D82-4053-BE60-BDBACA263106}.Debug|Any CPU.Build.0 = Debug|Any CPU
		{7E2ECA2F-7D82-4053-BE60-BDBACA263106}.Release|Any CPU.ActiveCfg = Release|Any CPU
		{7E2ECA2F-7D82-4053-BE60-BDBACA263106}.Release|Any CPU.Build.0 = Release|Any CPU
		{D3FAA448-4670-4A22-AC19-7054CDA6FBC2}.Debug|Any CPU.ActiveCfg = Debug|Any CPU
		{D3FAA448-4670-4A22-AC19-7054CDA6FBC2}.Debug|Any CPU.Build.0 = Debug|Any CPU
		{D3FAA448-4670-4A22-AC19-7054CDA6FBC2}.Release|Any CPU.ActiveCfg = Release|Any CPU
		{D3FAA448-4670-4A22-AC19-7054CDA6FBC2}.Release|Any CPU.Build.0 = Release|Any CPU
		{23CFA04D-31FC-4056-8540-A45E75B61693}.Debug|Any CPU.ActiveCfg = Debug|Any CPU
		{23CFA04D-31FC-4056-8540-A45E75B61693}.Debug|Any CPU.Build.0 = Debug|Any CPU
		{23CFA04D-31FC-4056-8540-A45E75B61693}.Release|Any CPU.ActiveCfg = Release|Any CPU
		{23CFA04D-31FC-4056-8540-A45E75B61693}.Release|Any CPU.Build.0 = Release|Any CPU
		{10C3B435-3E59-42E4-A16C-DAC8BD2E5E27}.Debug|Any CPU.ActiveCfg = Debug|Any CPU
		{10C3B435-3E59-42E4-A16C-DAC8BD2E5E27}.Debug|Any CPU.Build.0 = Debug|Any CPU
		{10C3B435-3E59-42E4-A16C-DAC8BD2E5E27}.Release|Any CPU.ActiveCfg = Release|Any CPU
		{10C3B435-3E59-42E4-A16C-DAC8BD2E5E27}.Release|Any CPU.Build.0 = Release|Any CPU
		{72F684A1-EBE9-4874-8149-D609CAFBCF2A}.Debug|Any CPU.ActiveCfg = Debug|Any CPU
		{72F684A1-EBE9-4874-8149-D609CAFBCF2A}.Debug|Any CPU.Build.0 = Debug|Any CPU
		{72F684A1-EBE9-4874-8149-D609CAFBCF2A}.Release|Any CPU.ActiveCfg = Release|Any CPU
		{72F684A1-EBE9-4874-8149-D609CAFBCF2A}.Release|Any CPU.Build.0 = Release|Any CPU
		{09E4C63A-0508-4B4C-B517-6957BAA30FBB}.Debug|Any CPU.ActiveCfg = Debug|Any CPU
		{09E4C63A-0508-4B4C-B517-6957BAA30FBB}.Debug|Any CPU.Build.0 = Debug|Any CPU
		{09E4C63A-0508-4B4C-B517-6957BAA30FBB}.Release|Any CPU.ActiveCfg = Release|Any CPU
		{09E4C63A-0508-4B4C-B517-6957BAA30FBB}.Release|Any CPU.Build.0 = Release|Any CPU
		{50057ECE-26F4-4C18-A319-7E4ADD183016}.Debug|Any CPU.ActiveCfg = Debug|Any CPU
		{50057ECE-26F4-4C18-A319-7E4ADD183016}.Debug|Any CPU.Build.0 = Debug|Any CPU
		{50057ECE-26F4-4C18-A319-7E4ADD183016}.Release|Any CPU.ActiveCfg = Release|Any CPU
		{50057ECE-26F4-4C18-A319-7E4ADD183016}.Release|Any CPU.Build.0 = Release|Any CPU
		{FE4B9649-D225-4CE2-99F6-921775D38F4C}.Debug|Any CPU.ActiveCfg = Debug|Any CPU
		{FE4B9649-D225-4CE2-99F6-921775D38F4C}.Debug|Any CPU.Build.0 = Debug|Any CPU
		{FE4B9649-D225-4CE2-99F6-921775D38F4C}.Release|Any CPU.ActiveCfg = Release|Any CPU
		{FE4B9649-D225-4CE2-99F6-921775D38F4C}.Release|Any CPU.Build.0 = Release|Any CPU
		{E803CFCA-FEF2-4521-B682-1DEB4E4E29D7}.Debug|Any CPU.ActiveCfg = Debug|Any CPU
		{E803CFCA-FEF2-4521-B682-1DEB4E4E29D7}.Debug|Any CPU.Build.0 = Debug|Any CPU
		{E803CFCA-FEF2-4521-B682-1DEB4E4E29D7}.Release|Any CPU.ActiveCfg = Release|Any CPU
		{E803CFCA-FEF2-4521-B682-1DEB4E4E29D7}.Release|Any CPU.Build.0 = Release|Any CPU
		{CAC62632-08D6-47B5-84B8-B2419B543BE5}.Debug|Any CPU.ActiveCfg = Debug|Any CPU
		{CAC62632-08D6-47B5-84B8-B2419B543BE5}.Debug|Any CPU.Build.0 = Debug|Any CPU
		{CAC62632-08D6-47B5-84B8-B2419B543BE5}.Release|Any CPU.ActiveCfg = Release|Any CPU
		{CAC62632-08D6-47B5-84B8-B2419B543BE5}.Release|Any CPU.Build.0 = Release|Any CPU
		{50FBE009-8C04-4D7E-91B1-603118EDCD5B}.Debug|Any CPU.ActiveCfg = Debug|Any CPU
		{50FBE009-8C04-4D7E-91B1-603118EDCD5B}.Debug|Any CPU.Build.0 = Debug|Any CPU
		{50FBE009-8C04-4D7E-91B1-603118EDCD5B}.Release|Any CPU.ActiveCfg = Release|Any CPU
		{50FBE009-8C04-4D7E-91B1-603118EDCD5B}.Release|Any CPU.Build.0 = Release|Any CPU
		{57AF20CE-F9A0-4D20-8934-41257F6DC68D}.Debug|Any CPU.ActiveCfg = Debug|Any CPU
		{57AF20CE-F9A0-4D20-8934-41257F6DC68D}.Debug|Any CPU.Build.0 = Debug|Any CPU
		{57AF20CE-F9A0-4D20-8934-41257F6DC68D}.Release|Any CPU.ActiveCfg = Release|Any CPU
		{57AF20CE-F9A0-4D20-8934-41257F6DC68D}.Release|Any CPU.Build.0 = Release|Any CPU
		{3D5CBE70-9573-4050-A5C5-CB2B253C36D6}.Debug|Any CPU.ActiveCfg = Debug|Any CPU
		{3D5CBE70-9573-4050-A5C5-CB2B253C36D6}.Debug|Any CPU.Build.0 = Debug|Any CPU
		{3D5CBE70-9573-4050-A5C5-CB2B253C36D6}.Release|Any CPU.ActiveCfg = Release|Any CPU
		{3D5CBE70-9573-4050-A5C5-CB2B253C36D6}.Release|Any CPU.Build.0 = Release|Any CPU
		{D0D902B6-8F31-4BCB-8D04-A7FFC5086092}.Debug|Any CPU.ActiveCfg = Debug|Any CPU
		{D0D902B6-8F31-4BCB-8D04-A7FFC5086092}.Debug|Any CPU.Build.0 = Debug|Any CPU
		{D0D902B6-8F31-4BCB-8D04-A7FFC5086092}.Release|Any CPU.ActiveCfg = Release|Any CPU
		{D0D902B6-8F31-4BCB-8D04-A7FFC5086092}.Release|Any CPU.Build.0 = Release|Any CPU
		{AFF5EAD6-9929-4AA7-92EF-BB02308BE026}.Debug|Any CPU.ActiveCfg = Debug|Any CPU
		{AFF5EAD6-9929-4AA7-92EF-BB02308BE026}.Debug|Any CPU.Build.0 = Debug|Any CPU
		{AFF5EAD6-9929-4AA7-92EF-BB02308BE026}.Release|Any CPU.ActiveCfg = Release|Any CPU
		{AFF5EAD6-9929-4AA7-92EF-BB02308BE026}.Release|Any CPU.Build.0 = Release|Any CPU
		{7C87F62D-1D99-4322-80C1-160DB4AB639B}.Debug|Any CPU.ActiveCfg = Debug|Any CPU
		{7C87F62D-1D99-4322-80C1-160DB4AB639B}.Debug|Any CPU.Build.0 = Debug|Any CPU
		{7C87F62D-1D99-4322-80C1-160DB4AB639B}.Release|Any CPU.ActiveCfg = Release|Any CPU
		{7C87F62D-1D99-4322-80C1-160DB4AB639B}.Release|Any CPU.Build.0 = Release|Any CPU
		{78F2E328-869A-4009-8EA9-3E1BCC5954F5}.Debug|Any CPU.ActiveCfg = Debug|Any CPU
		{78F2E328-869A-4009-8EA9-3E1BCC5954F5}.Debug|Any CPU.Build.0 = Debug|Any CPU
		{78F2E328-869A-4009-8EA9-3E1BCC5954F5}.Release|Any CPU.ActiveCfg = Release|Any CPU
		{78F2E328-869A-4009-8EA9-3E1BCC5954F5}.Release|Any CPU.Build.0 = Release|Any CPU
		{A78D6A34-F4DF-4665-8887-9D1CDCD86419}.Debug|Any CPU.ActiveCfg = Debug|Any CPU
		{A78D6A34-F4DF-4665-8887-9D1CDCD86419}.Debug|Any CPU.Build.0 = Debug|Any CPU
		{A78D6A34-F4DF-4665-8887-9D1CDCD86419}.Release|Any CPU.ActiveCfg = Release|Any CPU
		{A78D6A34-F4DF-4665-8887-9D1CDCD86419}.Release|Any CPU.Build.0 = Release|Any CPU
		{57EE7257-8B29-4566-8761-C90EDE8BFCD7}.Debug|Any CPU.ActiveCfg = Debug|Any CPU
		{57EE7257-8B29-4566-8761-C90EDE8BFCD7}.Debug|Any CPU.Build.0 = Debug|Any CPU
		{57EE7257-8B29-4566-8761-C90EDE8BFCD7}.Release|Any CPU.ActiveCfg = Release|Any CPU
		{57EE7257-8B29-4566-8761-C90EDE8BFCD7}.Release|Any CPU.Build.0 = Release|Any CPU
		{3E19B136-B135-4C0F-8C09-7EFD06C7688C}.Debug|Any CPU.ActiveCfg = Debug|Any CPU
		{3E19B136-B135-4C0F-8C09-7EFD06C7688C}.Debug|Any CPU.Build.0 = Debug|Any CPU
		{3E19B136-B135-4C0F-8C09-7EFD06C7688C}.Release|Any CPU.ActiveCfg = Release|Any CPU
		{3E19B136-B135-4C0F-8C09-7EFD06C7688C}.Release|Any CPU.Build.0 = Release|Any CPU
		{207552C7-EC3E-4D01-9B6F-251ECDA2A76F}.Debug|Any CPU.ActiveCfg = Debug|Any CPU
		{207552C7-EC3E-4D01-9B6F-251ECDA2A76F}.Debug|Any CPU.Build.0 = Debug|Any CPU
		{207552C7-EC3E-4D01-9B6F-251ECDA2A76F}.Release|Any CPU.ActiveCfg = Release|Any CPU
		{207552C7-EC3E-4D01-9B6F-251ECDA2A76F}.Release|Any CPU.Build.0 = Release|Any CPU
		{86861C0A-883C-4F5A-B598-2AA4C03711BF}.Debug|Any CPU.ActiveCfg = Debug|Any CPU
		{86861C0A-883C-4F5A-B598-2AA4C03711BF}.Debug|Any CPU.Build.0 = Debug|Any CPU
		{86861C0A-883C-4F5A-B598-2AA4C03711BF}.Release|Any CPU.ActiveCfg = Release|Any CPU
		{86861C0A-883C-4F5A-B598-2AA4C03711BF}.Release|Any CPU.Build.0 = Release|Any CPU
		{A1C7A384-1ABD-4FE0-9B55-ADAE61407EC5}.Debug|Any CPU.ActiveCfg = Debug|Any CPU
		{A1C7A384-1ABD-4FE0-9B55-ADAE61407EC5}.Debug|Any CPU.Build.0 = Debug|Any CPU
		{A1C7A384-1ABD-4FE0-9B55-ADAE61407EC5}.Release|Any CPU.ActiveCfg = Release|Any CPU
		{A1C7A384-1ABD-4FE0-9B55-ADAE61407EC5}.Release|Any CPU.Build.0 = Release|Any CPU
		{84406C0E-D586-41C8-8219-F97BFAC66494}.Debug|Any CPU.ActiveCfg = Debug|Any CPU
		{84406C0E-D586-41C8-8219-F97BFAC66494}.Debug|Any CPU.Build.0 = Debug|Any CPU
		{84406C0E-D586-41C8-8219-F97BFAC66494}.Release|Any CPU.ActiveCfg = Release|Any CPU
		{84406C0E-D586-41C8-8219-F97BFAC66494}.Release|Any CPU.Build.0 = Release|Any CPU
		{4C57FC61-DC9D-4586-9EC1-EE2FFC4313F7}.Debug|Any CPU.ActiveCfg = Debug|Any CPU
		{4C57FC61-DC9D-4586-9EC1-EE2FFC4313F7}.Debug|Any CPU.Build.0 = Debug|Any CPU
		{4C57FC61-DC9D-4586-9EC1-EE2FFC4313F7}.Release|Any CPU.ActiveCfg = Release|Any CPU
		{4C57FC61-DC9D-4586-9EC1-EE2FFC4313F7}.Release|Any CPU.Build.0 = Release|Any CPU
		{41A78229-C99D-4354-AECD-738B378B2A06}.Debug|Any CPU.ActiveCfg = Debug|Any CPU
		{41A78229-C99D-4354-AECD-738B378B2A06}.Debug|Any CPU.Build.0 = Debug|Any CPU
		{41A78229-C99D-4354-AECD-738B378B2A06}.Release|Any CPU.ActiveCfg = Release|Any CPU
		{41A78229-C99D-4354-AECD-738B378B2A06}.Release|Any CPU.Build.0 = Release|Any CPU
		{E19BD5DA-72F9-4A4F-A3E2-C67EE908B9EC}.Debug|Any CPU.ActiveCfg = Debug|Any CPU
		{E19BD5DA-72F9-4A4F-A3E2-C67EE908B9EC}.Debug|Any CPU.Build.0 = Debug|Any CPU
		{E19BD5DA-72F9-4A4F-A3E2-C67EE908B9EC}.Release|Any CPU.ActiveCfg = Release|Any CPU
		{E19BD5DA-72F9-4A4F-A3E2-C67EE908B9EC}.Release|Any CPU.Build.0 = Release|Any CPU
		{E1F0BA81-1A43-4D0A-BA25-5A5842BD88A2}.Debug|Any CPU.ActiveCfg = Debug|Any CPU
		{E1F0BA81-1A43-4D0A-BA25-5A5842BD88A2}.Debug|Any CPU.Build.0 = Debug|Any CPU
		{E1F0BA81-1A43-4D0A-BA25-5A5842BD88A2}.Release|Any CPU.ActiveCfg = Release|Any CPU
		{E1F0BA81-1A43-4D0A-BA25-5A5842BD88A2}.Release|Any CPU.Build.0 = Release|Any CPU
	EndGlobalSection
	GlobalSection(SolutionProperties) = preSolution
		HideSolutionNode = FALSE
	EndGlobalSection
	GlobalSection(ExtensibilityGlobals) = postSolution
		SolutionGuid = {09E01BC3-82FB-4CC3-A5D0-835C5FF8F8F3}
	EndGlobalSection
EndGlobal
